
Microsoft Visual Studio Solution File, Format Version 12.00
# Visual Studio Version 17
VisualStudioVersion = 17.3.32819.101
MinimumVisualStudioVersion = 10.0.40219.1
Project("{9A19103F-16F7-4668-BE54-9A1E7A4F7556}") = "TempStorage", "TempStorage\TempStorage.csproj", "{77FEEDB0-0836-4169-ADEA-607FF8CCA83F}"
EndProject
Project("{FAE04EC0-301F-11D3-BF4B-00C04F79EFBC}") = "TempStorage.Test", "TempStorage.Test\TempStorage.Test.csproj", "{57B61717-99E3-418D-8806-3AFB8CB17B99}"
EndProject
Global
	GlobalSection(SolutionConfigurationPlatforms) = preSolution
		Debug|Any CPU = Debug|Any CPU
		Release|Any CPU = Release|Any CPU
	EndGlobalSection
	GlobalSection(ProjectConfigurationPlatforms) = postSolution
		{77FEEDB0-0836-4169-ADEA-607FF8CCA83F}.Debug|Any CPU.ActiveCfg = Debug|Any CPU
		{77FEEDB0-0836-4169-ADEA-607FF8CCA83F}.Debug|Any CPU.Build.0 = Debug|Any CPU
		{77FEEDB0-0836-4169-ADEA-607FF8CCA83F}.Release|Any CPU.ActiveCfg = Release|Any CPU
		{77FEEDB0-0836-4169-ADEA-607FF8CCA83F}.Release|Any CPU.Build.0 = Release|Any CPU
		{57B61717-99E3-418D-8806-3AFB8CB17B99}.Debug|Any CPU.ActiveCfg = Debug|Any CPU
		{57B61717-99E3-418D-8806-3AFB8CB17B99}.Debug|Any CPU.Build.0 = Debug|Any CPU
		{57B61717-99E3-418D-8806-3AFB8CB17B99}.Release|Any CPU.ActiveCfg = Release|Any CPU
		{57B61717-99E3-418D-8806-3AFB8CB17B99}.Release|Any CPU.Build.0 = Release|Any CPU
	EndGlobalSection
	GlobalSection(SolutionProperties) = preSolution
		HideSolutionNode = FALSE
	EndGlobalSection
	GlobalSection(ExtensibilityGlobals) = postSolution
		SolutionGuid = {E8AA11C9-A7B2-470B-A0F1-AE5DFC2E2248}
	EndGlobalSection
EndGlobal
